
Microsoft Visual Studio Solution File, Format Version 12.00
# Visual Studio 15
VisualStudioVersion = 15.0.28307.168
MinimumVisualStudioVersion = 10.0.40219.1
Project("{FAE04EC0-301F-11D3-BF4B-00C04F79EFBC}") = "UploadArquivosAPI", "UploadArquivosAPI\UploadArquivosAPI.csproj", "{6BEA365F-9A8D-4EAF-9148-988702658BD6}"
EndProject
Global
	GlobalSection(SolutionConfigurationPlatforms) = preSolution
		Debug|Any CPU = Debug|Any CPU
		Release|Any CPU = Release|Any CPU
	EndGlobalSection
	GlobalSection(ProjectConfigurationPlatforms) = postSolution
		{6BEA365F-9A8D-4EAF-9148-988702658BD6}.Debug|Any CPU.ActiveCfg = Debug|Any CPU
		{6BEA365F-9A8D-4EAF-9148-988702658BD6}.Debug|Any CPU.Build.0 = Debug|Any CPU
		{6BEA365F-9A8D-4EAF-9148-988702658BD6}.Release|Any CPU.ActiveCfg = Release|Any CPU
		{6BEA365F-9A8D-4EAF-9148-988702658BD6}.Release|Any CPU.Build.0 = Release|Any CPU
	EndGlobalSection
	GlobalSection(SolutionProperties) = preSolution
		HideSolutionNode = FALSE
	EndGlobalSection
	GlobalSection(ExtensibilityGlobals) = postSolution
		SolutionGuid = {0BC45644-A4FA-4726-9138-9F89DA08F063}
	EndGlobalSection
EndGlobal
